
Microsoft Visual Studio Solution File, Format Version 12.00
# Visual Studio Version 17
VisualStudioVersion = 17.11.35222.181
MinimumVisualStudioVersion = 10.0.40219.1
Project("{9A19103F-16F7-4668-BE54-9A1E7A4F7556}") = "CodingChallengeEndava", "CodingChallengeEndava\CodingChallengeEndava.csproj", "{AC2B02A6-02EE-4696-BAEB-96863962719A}"
EndProject
Project("{9A19103F-16F7-4668-BE54-9A1E7A4F7556}") = "CodingChallengeEndavaTest", "CodingChallengeEndavaTest\CodingChallengeEndavaTest.csproj", "{A7F2CEE4-4D05-4A30-AB3F-BFED69AC7681}"
EndProject
Global
	GlobalSection(SolutionConfigurationPlatforms) = preSolution
		Debug|Any CPU = Debug|Any CPU
		Release|Any CPU = Release|Any CPU
	EndGlobalSection
	GlobalSection(ProjectConfigurationPlatforms) = postSolution
		{AC2B02A6-02EE-4696-BAEB-96863962719A}.Debug|Any CPU.ActiveCfg = Debug|Any CPU
		{AC2B02A6-02EE-4696-BAEB-96863962719A}.Debug|Any CPU.Build.0 = Debug|Any CPU
		{AC2B02A6-02EE-4696-BAEB-96863962719A}.Release|Any CPU.ActiveCfg = Release|Any CPU
		{AC2B02A6-02EE-4696-BAEB-96863962719A}.Release|Any CPU.Build.0 = Release|Any CPU
		{A7F2CEE4-4D05-4A30-AB3F-BFED69AC7681}.Debug|Any CPU.ActiveCfg = Debug|Any CPU
		{A7F2CEE4-4D05-4A30-AB3F-BFED69AC7681}.Debug|Any CPU.Build.0 = Debug|Any CPU
		{A7F2CEE4-4D05-4A30-AB3F-BFED69AC7681}.Release|Any CPU.ActiveCfg = Release|Any CPU
		{A7F2CEE4-4D05-4A30-AB3F-BFED69AC7681}.Release|Any CPU.Build.0 = Release|Any CPU
	EndGlobalSection
	GlobalSection(SolutionProperties) = preSolution
		HideSolutionNode = FALSE
	EndGlobalSection
	GlobalSection(ExtensibilityGlobals) = postSolution
		SolutionGuid = {358C58A5-72FF-43C2-A7EF-55576E4CA538}
	EndGlobalSection
EndGlobal
